<?xml version="1.0" encoding="utf-8"?>
<Project ToolsVersion="4.0" xmlns="http://schemas.microsoft.com/developer/msbuild/2003">
  <ItemGroup>
    <Filter Include="Source Files">
      <UniqueIdentifier>{fcf8f485-dd39-48d2-940d-cac0b98c2ac2}</UniqueIdentifier>
      <Extensions>cpp;c;cxx;rc;def;r;odl;idl;hpj;bat</Extensions>
    </Filter>
    <Filter Include="Header Files">
      <UniqueIdentifier>{9f0dca94-6ae6-495d-bcf1-08f400581681}</UniqueIdentifier>
      <Extensions>h;hpp;hxx;hm;inl</Extensions>
    </Filter>
  </ItemGroup>
  <ItemGroup>
    <ClCompile Include="src\crdb.cpp">
      <Filter>Source Files</Filter>
    </ClCompile>
    <ClCompile Include="src\crdef.cpp">
      <Filter>Source Files</Filter>
    </ClCompile>
    <ClCompile Include="src\crparser.cpp">
      <Filter>Source Files</Filter>
    </ClCompile>
    <ClCompile Include="src\ora.cpp">
      <Filter>Source Files</Filter>
    </ClCompile>
    <ClCompile Include="src\oracall.cpp">
      <Filter>Source Files</Filter>
    </ClCompile>
    <ClCompile Include="src\oraextproc.cpp">
      <Filter>Source Files</Filter>
    </ClCompile>
    <ClCompile Include="src\oraloader.cpp">
      <Filter>Source Files</Filter>
    </ClCompile>
    <ClCompile Include="src\oramonitor.cpp">
      <Filter>Source Files</Filter>
    </ClCompile>
    <ClCompile Include="src\orapars.cpp">
      <Filter>Source Files</Filter>
    </ClCompile>
    <ClCompile Include="src\orascript.cpp">
      <Filter>Source Files</Filter>
    </ClCompile>
    <ClCompile Include="src\orawinmonitor.cpp">
      <Filter>Source Files</Filter>
    </ClCompile>
  </ItemGroup>
  <ItemGroup>
    <ClInclude Include="src\crdb.h">
      <Filter>Header Files</Filter>
    </ClInclude>
    <ClInclude Include="src\crdef.h">
      <Filter>Header Files</Filter>
    </ClInclude>
    <ClInclude Include="src\crparser.h">
      <Filter>Header Files</Filter>
    </ClInclude>
    <ClInclude Include="src\ocl.h">
      <Filter>Header Files</Filter>
    </ClInclude>
    <ClInclude Include="src\ora.h">
      <Filter>Header Files</Filter>
    </ClInclude>
    <ClInclude Include="src\oracall.h">
      <Filter>Header Files</Filter>
    </ClInclude>
    <ClInclude Include="src\oraextproc.h">
      <Filter>Header Files</Filter>
    </ClInclude>
    <ClInclude Include="src\oraloader.h">
      <Filter>Header Files</Filter>
    </ClInclude>
    <ClInclude Include="src\oramonitor.h">
      <Filter>Header Files</Filter>
    </ClInclude>
    <ClInclude Include="src\orapars.h">
      <Filter>Header Files</Filter>
    </ClInclude>
    <ClInclude Include="src\orascript.h">
      <Filter>Header Files</Filter>
    </ClInclude>
    <ClInclude Include="src\orawinmonitor.h">
      <Filter>Header Files</Filter>
    </ClInclude>
  </ItemGroup>
  <ItemGroup>
    <None Include="src\ocl.conf">
      <Filter>Header Files</Filter>
    </None>
  </ItemGroup>
</Project>