<?xml version="1.0" encoding="utf-8"?>
<Project ToolsVersion="4.0" xmlns="http://schemas.microsoft.com/developer/msbuild/2003">
  <ItemGroup>
    <Filter Include="Source Files">
      <UniqueIdentifier>{4FC737F1-C7A5-4376-A066-2A32D752A2FF}</UniqueIdentifier>
      <Extensions>cpp;c;cc;cxx;def;odl;idl;hpj;bat;asm;asmx</Extensions>
    </Filter>
    <Filter Include="Header Files">
      <UniqueIdentifier>{93995380-89BD-4b04-88EB-625FBE52EBFB}</UniqueIdentifier>
      <Extensions>h;hpp;hxx;hm;inl;inc;xsd</Extensions>
    </Filter>
    <Filter Include="Resource Files">
      <UniqueIdentifier>{67DA6AB6-F800-4c08-8B7A-83BB121AAD01}</UniqueIdentifier>
      <Extensions>rc;ico;cur;bmp;dlg;rc2;rct;bin;rgs;gif;jpg;jpeg;jpe;resx;tiff;tif;png;wav</Extensions>
    </Filter>
  </ItemGroup>
  <ItemGroup>
    <ClCompile Include="src\agent.c">
      <Filter>Source Files</Filter>
    </ClCompile>
    <ClCompile Include="src\array.c">
      <Filter>Source Files</Filter>
    </ClCompile>
    <ClCompile Include="src\bind.c">
      <Filter>Source Files</Filter>
    </ClCompile>
    <ClCompile Include="src\callback.c">
      <Filter>Source Files</Filter>
    </ClCompile>
    <ClCompile Include="src\collection.c">
      <Filter>Source Files</Filter>
    </ClCompile>
    <ClCompile Include="src\column.c">
      <Filter>Source Files</Filter>
    </ClCompile>
    <ClCompile Include="src\connection.c">
      <Filter>Source Files</Filter>
    </ClCompile>
    <ClCompile Include="src\date.c">
      <Filter>Source Files</Filter>
    </ClCompile>
    <ClCompile Include="src\define.c">
      <Filter>Source Files</Filter>
    </ClCompile>
    <ClCompile Include="src\dequeue.c">
      <Filter>Source Files</Filter>
    </ClCompile>
    <ClCompile Include="src\dirpath.c">
      <Filter>Source Files</Filter>
    </ClCompile>
    <ClCompile Include="src\element.c">
      <Filter>Source Files</Filter>
    </ClCompile>
    <ClCompile Include="src\enqueue.c">
      <Filter>Source Files</Filter>
    </ClCompile>
    <ClCompile Include="src\error.c">
      <Filter>Source Files</Filter>
    </ClCompile>
    <ClCompile Include="src\event.c">
      <Filter>Source Files</Filter>
    </ClCompile>
    <ClCompile Include="src\exception.c">
      <Filter>Source Files</Filter>
    </ClCompile>
    <ClCompile Include="src\file.c">
      <Filter>Source Files</Filter>
    </ClCompile>
    <ClCompile Include="src\format.c">
      <Filter>Source Files</Filter>
    </ClCompile>
    <ClCompile Include="src\handle.c">
      <Filter>Source Files</Filter>
    </ClCompile>
    <ClCompile Include="src\hash.c">
      <Filter>Source Files</Filter>
    </ClCompile>
    <ClCompile Include="src\interval.c">
      <Filter>Source Files</Filter>
    </ClCompile>
    <ClCompile Include="src\iterator.c">
      <Filter>Source Files</Filter>
    </ClCompile>
    <ClCompile Include="src\library.c">
      <Filter>Source Files</Filter>
    </ClCompile>
    <ClCompile Include="src\list.c">
      <Filter>Source Files</Filter>
    </ClCompile>
    <ClCompile Include="src\lob.c">
      <Filter>Source Files</Filter>
    </ClCompile>
    <ClCompile Include="src\long.c">
      <Filter>Source Files</Filter>
    </ClCompile>
    <ClCompile Include="src\memory.c">
      <Filter>Source Files</Filter>
    </ClCompile>
    <ClCompile Include="src\msg.c">
      <Filter>Source Files</Filter>
    </ClCompile>
    <ClCompile Include="src\mutex.c">
      <Filter>Source Files</Filter>
    </ClCompile>
    <ClCompile Include="src\number.c">
      <Filter>Source Files</Filter>
    </ClCompile>
    <ClCompile Include="src\object.c">
      <Filter>Source Files</Filter>
    </ClCompile>
    <ClCompile Include="src\pool.c">
      <Filter>Source Files</Filter>
    </ClCompile>
    <ClCompile Include="src\queue.c">
      <Filter>Source Files</Filter>
    </ClCompile>
    <ClCompile Include="src\ref.c">
      <Filter>Source Files</Filter>
    </ClCompile>
    <ClCompile Include="src\resultset.c">
      <Filter>Source Files</Filter>
    </ClCompile>
    <ClCompile Include="src\statement.c">
      <Filter>Source Files</Filter>
    </ClCompile>
    <ClCompile Include="src\string.c">
      <Filter>Source Files</Filter>
    </ClCompile>
    <ClCompile Include="src\subscription.c">
      <Filter>Source Files</Filter>
    </ClCompile>
    <ClCompile Include="src\thread.c">
      <Filter>Source Files</Filter>
    </ClCompile>
    <ClCompile Include="src\threadkey.c">
      <Filter>Source Files</Filter>
    </ClCompile>
    <ClCompile Include="src\timestamp.c">
      <Filter>Source Files</Filter>
    </ClCompile>
    <ClCompile Include="src\transaction.c">
      <Filter>Source Files</Filter>
    </ClCompile>
    <ClCompile Include="src\typeinfo.c">
      <Filter>Source Files</Filter>
    </ClCompile>
  </ItemGroup>
  <ItemGroup>
    <ClInclude Include="src\oci_api.h">
      <Filter>Source Files</Filter>
    </ClInclude>
    <ClInclude Include="src\oci_defs.h">
      <Filter>Source Files</Filter>
    </ClInclude>
    <ClInclude Include="src\oci_import.h">
      <Filter>Source Files</Filter>
    </ClInclude>
    <ClInclude Include="src\oci_loader.h">
      <Filter>Source Files</Filter>
    </ClInclude>
    <ClInclude Include="src\oci_types.h">
      <Filter>Source Files</Filter>
    </ClInclude>
    <ClInclude Include="src\ocilib.h">
      <Filter>Source Files</Filter>
    </ClInclude>
    <ClInclude Include="src\ocilib_checks.h">
      <Filter>Source Files</Filter>
    </ClInclude>
    <ClInclude Include="src\ocilib_defs.h">
      <Filter>Source Files</Filter>
    </ClInclude>
    <ClInclude Include="src\ocilib_internal.h">
      <Filter>Source Files</Filter>
    </ClInclude>
    <ClInclude Include="src\ocilib_types.h">
      <Filter>Source Files</Filter>
    </ClInclude>
  </ItemGroup>
  <ItemGroup>
    <Text Include="ReadMe.txt" />
  </ItemGroup>
</Project>