<?xml version="1.0" encoding="utf-8"?>
<Project ToolsVersion="4.0" xmlns="http://schemas.microsoft.com/developer/msbuild/2003">
  <ItemGroup>
    <Filter Include="Source Files">
      <UniqueIdentifier>{0ea1015a-2f5c-408f-85bf-bbcf2c5ba791}</UniqueIdentifier>
      <Extensions>cpp;c;cxx;rc;def;r;odl;idl;hpj;bat</Extensions>
    </Filter>
    <Filter Include="Header Files">
      <UniqueIdentifier>{c994f414-32c9-490e-b417-d16c0e9b2a05}</UniqueIdentifier>
      <Extensions>h;hpp;hxx;hm;inl</Extensions>
    </Filter>
  </ItemGroup>
  <ItemGroup>
    <ClCompile Include="src\AssertionFailedError.cpp">
      <Filter>Source Files</Filter>
    </ClCompile>
    <ClCompile Include="src\ConfigData.cpp">
      <Filter>Source Files</Filter>
    </ClCompile>
    <ClCompile Include="src\CppUnitException.cpp">
      <Filter>Source Files</Filter>
    </ClCompile>
    <ClCompile Include="src\Flag.cpp">
      <Filter>Source Files</Filter>
    </ClCompile>
    <ClCompile Include="src\INIFileException.cpp">
      <Filter>Source Files</Filter>
    </ClCompile>
    <ClCompile Include="src\INIFileTestCases.cpp">
      <Filter>Source Files</Filter>
    </ClCompile>
    <ClCompile Include="src\MethodsInputs.cpp">
      <Filter>Source Files</Filter>
    </ClCompile>
    <ClCompile Include="src\NoSuiteMethodException.cpp">
      <Filter>Source Files</Filter>
    </ClCompile>
    <ClCompile Include="src\ReadINIFile.cpp">
      <Filter>Source Files</Filter>
    </ClCompile>
    <ClCompile Include="src\TestCase.cpp">
      <Filter>Source Files</Filter>
    </ClCompile>
    <ClCompile Include="src\TestFailure.cpp">
      <Filter>Source Files</Filter>
    </ClCompile>
    <ClCompile Include="src\TestFrameworkBase.cpp">
      <Filter>Source Files</Filter>
    </ClCompile>
    <ClCompile Include="src\TestResult.cpp">
      <Filter>Source Files</Filter>
    </ClCompile>
    <ClCompile Include="src\TestRunner.cpp">
      <Filter>Source Files</Filter>
    </ClCompile>
    <ClCompile Include="src\TestSuite.cpp">
      <Filter>Source Files</Filter>
    </ClCompile>
    <ClCompile Include="src\TextOutputter.cpp">
      <Filter>Source Files</Filter>
    </ClCompile>
    <ClCompile Include="src\XmlOutputter.cpp">
      <Filter>Source Files</Filter>
    </ClCompile>
  </ItemGroup>
  <ItemGroup>
    <ClInclude Include="src\AssertionFailedError.h">
      <Filter>Header Files</Filter>
    </ClInclude>
    <ClInclude Include="src\ConfigData.h">
      <Filter>Header Files</Filter>
    </ClInclude>
    <ClInclude Include="src\CppUnitException.h">
      <Filter>Header Files</Filter>
    </ClInclude>
    <ClInclude Include="src\Flag.h">
      <Filter>Header Files</Filter>
    </ClInclude>
    <ClInclude Include="src\INIFileException.h">
      <Filter>Header Files</Filter>
    </ClInclude>
    <ClInclude Include="src\INIFileTestCases.h">
      <Filter>Header Files</Filter>
    </ClInclude>
    <ClInclude Include="src\MethodsInputs.h">
      <Filter>Header Files</Filter>
    </ClInclude>
    <ClInclude Include="src\NoSuiteMethodException.h">
      <Filter>Header Files</Filter>
    </ClInclude>
    <ClInclude Include="src\Outputter.h">
      <Filter>Header Files</Filter>
    </ClInclude>
    <ClInclude Include="src\ReadINIFile.h">
      <Filter>Header Files</Filter>
    </ClInclude>
    <ClInclude Include="src\SuiteException.h">
      <Filter>Header Files</Filter>
    </ClInclude>
    <ClInclude Include="src\Test.h">
      <Filter>Header Files</Filter>
    </ClInclude>
    <ClInclude Include="src\TestCaller.h">
      <Filter>Header Files</Filter>
    </ClInclude>
    <ClInclude Include="src\TestCase.h">
      <Filter>Header Files</Filter>
    </ClInclude>
    <ClInclude Include="src\TestFailure.h">
      <Filter>Header Files</Filter>
    </ClInclude>
    <ClInclude Include="src\TestFramework.h">
      <Filter>Header Files</Filter>
    </ClInclude>
    <ClInclude Include="src\TestFrameworkBase.h">
      <Filter>Header Files</Filter>
    </ClInclude>
    <ClInclude Include="src\TestResult.h">
      <Filter>Header Files</Filter>
    </ClInclude>
    <ClInclude Include="src\TestRunner.h">
      <Filter>Header Files</Filter>
    </ClInclude>
    <ClInclude Include="src\TestSuite.h">
      <Filter>Header Files</Filter>
    </ClInclude>
    <ClInclude Include="src\TextOutputter.h">
      <Filter>Header Files</Filter>
    </ClInclude>
    <ClInclude Include="src\XmlOutputter.h">
      <Filter>Header Files</Filter>
    </ClInclude>
  </ItemGroup>
</Project>